
Microsoft Visual Studio Solution File, Format Version 12.00
# Visual Studio Version 17
VisualStudioVersion = 17.13.35931.197 d17.13
MinimumVisualStudioVersion = 10.0.40219.1
Project("{FAE04EC0-301F-11D3-BF4B-00C04F79EFBC}") = "KeyGenerator", "KeyGenerator\KeyGenerator.csproj", "{C1AEFFF6-433C-4853-B58B-15BCE48BA53E}"
EndProject
Global
	GlobalSection(SolutionConfigurationPlatforms) = preSolution
		Debug|Any CPU = Debug|Any CPU
		Release|Any CPU = Release|Any CPU
	EndGlobalSection
	GlobalSection(ProjectConfigurationPlatforms) = postSolution
		{C1AEFFF6-433C-4853-B58B-15BCE48BA53E}.Debug|Any CPU.ActiveCfg = Debug|Any CPU
		{C1AEFFF6-433C-4853-B58B-15BCE48BA53E}.Debug|Any CPU.Build.0 = Debug|Any CPU
		{C1AEFFF6-433C-4853-B58B-15BCE48BA53E}.Release|Any CPU.ActiveCfg = Release|Any CPU
		{C1AEFFF6-433C-4853-B58B-15BCE48BA53E}.Release|Any CPU.Build.0 = Release|Any CPU
	EndGlobalSection
	GlobalSection(SolutionProperties) = preSolution
		HideSolutionNode = FALSE
	EndGlobalSection
	GlobalSection(ExtensibilityGlobals) = postSolution
		SolutionGuid = {57A5D710-7A71-4F96-B6DB-80049A8D47F4}
	EndGlobalSection
EndGlobal
